{
  "requires": true,
  "lockfileVersion": 1,
  "dependencies": {
    "@angular/fire": {
      "version": "5.2.3",
      "resolved": "https://registry.npmjs.org/@angular/fire/-/fire-5.2.3.tgz",
      "integrity": "sha512-bDxjnsUkPmWi2Tmk6Jq/veUi+Ot1FX/Rr+tQYYHk7E2XD2F+et3Bz8UNvLMliMf9NRIUzmR7Br92ZBUBNvd2UA=="
    },
    "angularfire2": {
      "version": "5.2.3",
      "resolved": "https://registry.npmjs.org/angularfire2/-/angularfire2-5.2.3.tgz",
      "integrity": "sha512-iN3PwDbLqwWEeCzggRsCQlIQ52w+2Zv8ZVX8bcozjcZ+aaKaRD6eTfFMrLfIdC4JI1Vye/GXlKRdMd6OFvvzAA==",
      "requires": {
        "@angular/fire": "5.2.3"
      }
    }
  }
}
